// !$*UTF8*$!
{
	archiveVersion = 1;
	classes = {
	};
	objectVersion = 50;
	objects = {

/* Begin PBXFileReference section */
		FD7E8C8621D6B2C100458016 /* grid.swift */ = {isa = PBXFileReference; lastKnownFileType = sourcecode.swift; name = grid.swift; path = src/grid.swift; sourceTree = "<group>"; };
/* End PBXFileReference section */

/* Begin PBXGroup section */
		FD7E8C7D21D68F8500458016 = {
			isa = PBXGroup;
			children = (
				FD7E8C8621D6B2C100458016 /* grid.swift */,
			);
			indentWidth = 2;
			sourceTree = "<group>";
			tabWidth = 2;
			usesTabs = 0;
		};
/* End PBXGroup section */

/* Begin PBXProject section */
		FD7E8C7E21D68F8500458016 /* Project object */ = {
			isa = PBXProject;
			attributes = {
				LastUpgradeCheck = 1010;
			};
			buildConfigurationList = FD7E8C8121D68F8500458016 /* Build configuration list for PBXProject "Grid Search" */;
			compatibilityVersion = "Xcode 9.3";
			developmentRegion = en;
			hasScannedForEncodings = 0;
			knownRegions = (
				en,
			);
			mainGroup = FD7E8C7D21D68F8500458016;
			projectDirPath = "";
			projectRoot = "";
			targets = (
			);
		};
/* End PBXProject section */

/* Begin XCBuildConfiguration section */
		FD7E8C8221D68F8500458016 /* Debug */ = {
			isa = XCBuildConfiguration;
			buildSettings = {
			};
			name = Debug;
		};
		FD7E8C8321D68F8500458016 /* Release */ = {
			isa = XCBuildConfiguration;
			buildSettings = {
			};
			name = Release;
		};
/* End XCBuildConfiguration section */

/* Begin XCConfigurationList section */
		FD7E8C8121D68F8500458016 /* Build configuration list for PBXProject "Grid Search" */ = {
			isa = XCConfigurationList;
			buildConfigurations = (
				FD7E8C8221D68F8500458016 /* Debug */,
				FD7E8C8321D68F8500458016 /* Release */,
			);
			defaultConfigurationIsVisible = 0;
			defaultConfigurationName = Debug;
		};
/* End XCConfigurationList section */
	};
	rootObject = FD7E8C7E21D68F8500458016 /* Project object */;
}
